<Solution>
  <Folder Name="/aspnetcore-mcp/" />
  <Folder Name="/aspnetcore-mcp/src/">
    <Project Path="aspnetcore-mcp/src/Dignite.Abp.AspNetCore.Mcp/Dignite.Abp.AspNetCore.Mcp.csproj" />
  </Folder>
  <Folder Name="/aspnetcore-mcp/test/">
    <Project Path="aspnetcore-mcp/test/Dignite.Abp.AspNetCore.Mcp.Tests/Dignite.Abp.AspNetCore.Mcp.Tests.csproj" />
  </Folder>

  <Folder Name="/file-storing/" />
  <Folder Name="/file-storing/core/" />
  <Folder Name="/file-storing/core/src/">
    <Project Path="file-storing/core/src/Dignite.Abp.FileStoring.Imaging/Dignite.Abp.FileStoring.Imaging.csproj" />
    <Project Path="file-storing/core/src/Dignite.Abp.FileStoring/Dignite.Abp.FileStoring.csproj" />
  </Folder>
  <Folder Name="/file-storing/core/test/">
    <Project Path="file-storing/core/test/Dignite.Abp.FileStoring.Imaging.Tests/Dignite.Abp.FileStoring.Imaging.Tests.csproj" />
    <Project Path="file-storing/core/test/Dignite.Abp.FileStoring.Tests/Dignite.Abp.FileStoring.Tests.csproj" />
  </Folder>

  <Folder Name="/notifications/" />
  <Folder Name="/notifications/core/" />
  <Folder Name="/notifications/core/src/">
    <Project Path="notifications/core/src/Dignite.Abp.Notifications.Abstractions/Dignite.Abp.Notifications.Abstractions.csproj" />
    <Project Path="notifications/core/src/Dignite.Abp.Notifications.Domain/Dignite.Abp.Notifications.Domain.csproj" />
    <Project Path="notifications/core/src/Dignite.Abp.Notifications.Domain.Shared/Dignite.Abp.Notifications.Domain.Shared.csproj" />
    <Project Path="notifications/core/src/Dignite.Abp.Notifications.EntityFrameworkCore/Dignite.Abp.Notifications.EntityFrameworkCore.csproj" />
    <Project Path="notifications/core/src/Dignite.Abp.Notifications.MongoDB/Dignite.Abp.Notifications.MongoDB.csproj" />
    <Project Path="notifications/core/src/Dignite.Abp.Notifications.Emailing/Dignite.Abp.Notifications.Emailing.csproj" />
    <Project Path="notifications/core/src/Dignite.Abp.Notifications.Emailing.Identity/Dignite.Abp.Notifications.Emailing.Identity.csproj" />
    <Project Path="notifications/core/src/Dignite.Abp.Notifications.Push/Dignite.Abp.Notifications.Push.csproj" />
    <Project Path="notifications/core/src/Dignite.Abp.Notifications.Push.Expo/Dignite.Abp.Notifications.Push.Expo.csproj" />
    <Project Path="notifications/core/src/Dignite.Abp.Notifications.Client/Dignite.Abp.Notifications.Client.csproj" />
    <Project Path="notifications/core/src/Dignite.Abp.Notifications.Identity/Dignite.Abp.Notifications.Identity.csproj" />
    <Project Path="notifications/core/src/Dignite.Abp.Notifications.SignalR/Dignite.Abp.Notifications.SignalR.csproj" />
    <Project Path="notifications/core/src/Dignite.Abp.Notifications/Dignite.Abp.Notifications.csproj" />
  </Folder>
  <Folder Name="/notifications/core/test/">
    <Project Path="notifications/core/test/Dignite.Abp.Notifications.Domain.TestBase/Dignite.Abp.Notifications.Domain.TestBase.csproj" />
    <Project Path="notifications/core/test/Dignite.Abp.Notifications.EntityFrameworkCore.Tests/Dignite.Abp.Notifications.EntityFrameworkCore.Tests.csproj" />
    <Project Path="notifications/core/test/Dignite.Abp.Notifications.MongoDB.Tests/Dignite.Abp.Notifications.MongoDB.Tests.csproj" />
    <Project Path="notifications/core/test/Dignite.Abp.Notifications.TestProviderA/Dignite.Abp.Notifications.TestProviderA.csproj" />
    <Project Path="notifications/core/test/Dignite.Abp.Notifications.TestProviderB/Dignite.Abp.Notifications.TestProviderB.csproj" />
    <Project Path="notifications/core/test/Dignite.Abp.Notifications.Tests/Dignite.Abp.Notifications.Tests.csproj" />
  </Folder>
  <Folder Name="/notifications/host/">
    <Project Path="notifications/host/Dignite.NotificationCenter.Web.Host/Dignite.NotificationCenter.Web.Host.csproj" />
  </Folder>
  <Folder Name="/notifications/notification-center/" />
  <Folder Name="/notifications/notification-center/src/">
    <Project Path="notifications/notification-center/src/Dignite.NotificationCenter.Application.Contracts/Dignite.NotificationCenter.Application.Contracts.csproj" />
    <Project Path="notifications/notification-center/src/Dignite.NotificationCenter.Application/Dignite.NotificationCenter.Application.csproj" />
    <Project Path="notifications/notification-center/src/Dignite.NotificationCenter.Domain.Shared/Dignite.NotificationCenter.Domain.Shared.csproj" />
    <Project Path="notifications/notification-center/src/Dignite.NotificationCenter.Domain/Dignite.NotificationCenter.Domain.csproj" />
    <Project Path="notifications/notification-center/src/Dignite.NotificationCenter.EntityFrameworkCore/Dignite.NotificationCenter.EntityFrameworkCore.csproj" />
    <Project Path="notifications/notification-center/src/Dignite.NotificationCenter.HttpApi.Client/Dignite.NotificationCenter.HttpApi.Client.csproj" />
    <Project Path="notifications/notification-center/src/Dignite.NotificationCenter.HttpApi/Dignite.NotificationCenter.HttpApi.csproj" />
    <Project Path="notifications/notification-center/src/Dignite.NotificationCenter.Installer/Dignite.NotificationCenter.Installer.csproj" />
    <Project Path="notifications/notification-center/src/Dignite.NotificationCenter.MongoDB/Dignite.NotificationCenter.MongoDB.csproj" />
    <Project Path="notifications/notification-center/src/Dignite.NotificationCenter.Push/Dignite.NotificationCenter.Push.csproj" />
    <Project Path="notifications/notification-center/src/Dignite.NotificationCenter.Push.Identity/Dignite.NotificationCenter.Push.Identity.csproj" />
    <Project Path="notifications/notification-center/src/Dignite.NotificationCenter.Web/Dignite.NotificationCenter.Web.csproj" />
  </Folder>
  <Folder Name="/notifications/notification-center/test/">
    <Project Path="notifications/notification-center/test/Dignite.NotificationCenter.TestBase/Dignite.NotificationCenter.TestBase.csproj" />
    <Project Path="notifications/notification-center/test/Dignite.NotificationCenter.EntityFrameworkCore.Tests/Dignite.NotificationCenter.EntityFrameworkCore.Tests.csproj" />
    <Project Path="notifications/notification-center/test/Dignite.NotificationCenter.MongoDB.Tests/Dignite.NotificationCenter.MongoDB.Tests.csproj" />
  </Folder>

  <Folder Name="/flex-fields/" />
  <Folder Name="/flex-fields/src/">
    <Project Path="flex-fields/src/Dignite.Abp.FlexFields.Abstractions/Dignite.Abp.FlexFields.Abstractions.csproj" />
    <Project Path="flex-fields/src/Dignite.Abp.FlexFields.CKEditor/Dignite.Abp.FlexFields.CKEditor.csproj" />
    <Project Path="flex-fields/src/Dignite.Abp.FlexFields.CKEditor.Web/Dignite.Abp.FlexFields.CKEditor.Web.csproj" />
    <Project Path="flex-fields/src/Dignite.Abp.FlexFields.Domain.Shared/Dignite.Abp.FlexFields.Domain.Shared.csproj" />
    <Project Path="flex-fields/src/Dignite.Abp.FlexFields.Domain/Dignite.Abp.FlexFields.Domain.csproj" />
    <Project Path="flex-fields/src/Dignite.Abp.FlexFields.EntityFrameworkCore/Dignite.Abp.FlexFields.EntityFrameworkCore.csproj" />
    <Project Path="flex-fields/src/Dignite.Abp.FlexFields.Installer/Dignite.Abp.FlexFields.Installer.csproj" />
    <Project Path="flex-fields/src/Dignite.Abp.FlexFields.MongoDB/Dignite.Abp.FlexFields.MongoDB.csproj" />
    <Project Path="flex-fields/src/Dignite.Abp.FlexFields.Web/Dignite.Abp.FlexFields.Web.csproj" />
  </Folder>
  <Folder Name="/flex-fields/test/">
    <Project Path="flex-fields/test/Dignite.Abp.FlexFields.Tests/Dignite.Abp.FlexFields.Tests.csproj" />
    <Project Path="flex-fields/test/Dignite.Abp.FlexFields.EntityFrameworkCore.Tests/Dignite.Abp.FlexFields.EntityFrameworkCore.Tests.csproj" />
    <Project Path="flex-fields/test/Dignite.Abp.FlexFields.MongoDB.Tests/Dignite.Abp.FlexFields.MongoDB.Tests.csproj" />
    <Project Path="flex-fields/test/Dignite.Abp.FlexFields.Web.Tests/Dignite.Abp.FlexFields.Web.Tests.csproj" />
  </Folder>
  <Folder Name="/flex-fields/demo/">
    <Project Path="flex-fields/demo/Dignite.Abp.FlexFields.Demo/Dignite.Abp.FlexFields.Demo.csproj" />
  </Folder>
</Solution>
