<Solution>
  <Folder Name="/core/" />
  <Folder Name="/core/src/">
    <Project Path="core/src/Dignite.Abp.FileStoring.Imaging/Dignite.Abp.FileStoring.Imaging.csproj" />
    <Project Path="core/src/Dignite.Abp.FileStoring/Dignite.Abp.FileStoring.csproj" />
  </Folder>
  <Folder Name="/core/test/">
    <Project Path="core/test/Dignite.Abp.FileStoring.Imaging.Tests/Dignite.Abp.FileStoring.Imaging.Tests.csproj" />
    <Project Path="core/test/Dignite.Abp.FileStoring.Tests/Dignite.Abp.FileStoring.Tests.csproj" />
  </Folder>
</Solution>
