<Solution>
    <Configurations>
        <Platform Name="Any CPU" />
    </Configurations>

    <Folder Name="/src/">
        <Project Path="src/Dignite.Abp.FlexFields.Abstractions/Dignite.Abp.FlexFields.Abstractions.csproj" />
        <Project Path="src/Dignite.Abp.FlexFields.Domain.Shared/Dignite.Abp.FlexFields.Domain.Shared.csproj" />
        <Project Path="src/Dignite.Abp.FlexFields.Domain/Dignite.Abp.FlexFields.Domain.csproj" />
        <Project Path="src/Dignite.Abp.FlexFields.EntityFrameworkCore/Dignite.Abp.FlexFields.EntityFrameworkCore.csproj" />
        <Project Path="src/Dignite.Abp.FlexFields.FileExplorer/Dignite.Abp.FlexFields.FileExplorer.csproj" />
        <Project Path="src/Dignite.Abp.FlexFields.Installer/Dignite.Abp.FlexFields.Installer.csproj" />
        <Project Path="src/Dignite.Abp.FlexFields.MongoDB/Dignite.Abp.FlexFields.MongoDB.csproj" />
    </Folder>
    <Folder Name="/test/">
        <Project Path="test/Dignite.Abp.FlexFields.Tests/Dignite.Abp.FlexFields.Tests.csproj" />
        <Project Path="test/Dignite.Abp.FlexFields.EntityFrameworkCore.Tests/Dignite.Abp.FlexFields.EntityFrameworkCore.Tests.csproj" />
        <Project Path="test/Dignite.Abp.FlexFields.MongoDB.Tests/Dignite.Abp.FlexFields.MongoDB.Tests.csproj" />
    </Folder>
    <Folder Name="/demo/">
        <Project Path="demo/Dignite.Abp.FlexFields.Demo/Dignite.Abp.FlexFields.Demo.csproj" />
    </Folder>
</Solution>
